
Microsoft Visual Studio Solution File, Format Version 12.00
# Visual Studio Version 16
VisualStudioVersion = 16.0.31321.278
MinimumVisualStudioVersion = 10.0.40219.1
Project("{FAE04EC0-301F-11D3-BF4B-00C04F79EFBC}") = "Windows Shareboard App", "Windows Shareboard App.csproj", "{FE1C13F6-A93B-483D-AAE1-E73A68A4BA95}"
EndProject
Global
	GlobalSection(SolutionConfigurationPlatforms) = preSolution
		Debug|Any CPU = Debug|Any CPU
		Release|Any CPU = Release|Any CPU
	EndGlobalSection
	GlobalSection(ProjectConfigurationPlatforms) = postSolution
		{FE1C13F6-A93B-483D-AAE1-E73A68A4BA95}.Debug|Any CPU.ActiveCfg = Debug|Any CPU
		{FE1C13F6-A93B-483D-AAE1-E73A68A4BA95}.Debug|Any CPU.Build.0 = Debug|Any CPU
		{FE1C13F6-A93B-483D-AAE1-E73A68A4BA95}.Release|Any CPU.ActiveCfg = Release|Any CPU
		{FE1C13F6-A93B-483D-AAE1-E73A68A4BA95}.Release|Any CPU.Build.0 = Release|Any CPU
	EndGlobalSection
	GlobalSection(SolutionProperties) = preSolution
		HideSolutionNode = FALSE
	EndGlobalSection
	GlobalSection(ExtensibilityGlobals) = postSolution
		SolutionGuid = {9060EFBF-C793-4D71-AED6-C74A7F05A43B}
	EndGlobalSection
EndGlobal
